// !$*UTF8*$!
{
	archiveVersion = 1;
	classes = {
	};
	objectVersion = 46;
	objects = {

/* Begin PBXBuildFile section */
		3AA6445D15E5F47D0011C6BE /* Cocoa.framework in Frameworks */ = {isa = PBXBuildFile; fileRef = 3AA6445C15E5F47D0011C6BE /* Cocoa.framework */; };
		3AA6446715E5F47D0011C6BE /* InfoPlist.strings in Resources */ = {isa = PBXBuildFile; fileRef = 3AA6446515E5F47D0011C6BE /* InfoPlist.strings */; };
		3AA6446915E5F47D0011C6BE /* main.m in Sources */ = {isa = PBXBuildFile; fileRef = 3AA6446815E5F47D0011C6BE /* main.m */; };
		3AA6446D15E5F47D0011C6BE /* Credits.rtf in Resources */ = {isa = PBXBuildFile; fileRef = 3AA6446B15E5F47D0011C6BE /* Credits.rtf */; };
		3AA6447015E5F47D0011C6BE /* AppDelegate.m in Sources */ = {isa = PBXBuildFile; fileRef = 3AA6446F15E5F47D0011C6BE /* AppDelegate.m */; };
		3AA6447315E5F47E0011C6BE /* MainMenu.xib in Resources */ = {isa = PBXBuildFile; fileRef = 3AA6447115E5F47E0011C6BE /* MainMenu.xib */; };
		3AA6447B15E5F5D10011C6BE /* Zoomer.m in Sources */ = {isa = PBXBuildFile; fileRef = 3AA6447A15E5F5D10011C6BE /* Zoomer.m */; };
		3AA6447D15E5F75C0011C6BE /* QuartzCore.framework in Frameworks */ = {isa = PBXBuildFile; fileRef = 3AA6447C15E5F75C0011C6BE /* QuartzCore.framework */; };
		3AA6447F15E5F7740011C6BE /* OpenGL.framework in Frameworks */ = {isa = PBXBuildFile; fileRef = 3AA6447E15E5F7740011C6BE /* OpenGL.framework */; };
		3AFDEEE515E60BF300593188 /* Quartz.framework in Frameworks */ = {isa = PBXBuildFile; fileRef = 3AFDEEE415E60BF200593188 /* Quartz.framework */; };
/* End PBXBuildFile section */

/* Begin PBXFileReference section */
		3AA6445815E5F47D0011C6BE /* FSZoom.app */ = {isa = PBXFileReference; explicitFileType = wrapper.application; includeInIndex = 0; path = FSZoom.app; sourceTree = BUILT_PRODUCTS_DIR; };
		3AA6445C15E5F47D0011C6BE /* Cocoa.framework */ = {isa = PBXFileReference; lastKnownFileType = wrapper.framework; name = Cocoa.framework; path = System/Library/Frameworks/Cocoa.framework; sourceTree = SDKROOT; };
		3AA6445F15E5F47D0011C6BE /* AppKit.framework */ = {isa = PBXFileReference; lastKnownFileType = wrapper.framework; name = AppKit.framework; path = System/Library/Frameworks/AppKit.framework; sourceTree = SDKROOT; };
		3AA6446015E5F47D0011C6BE /* CoreData.framework */ = {isa = PBXFileReference; lastKnownFileType = wrapper.framework; name = CoreData.framework; path = System/Library/Frameworks/CoreData.framework; sourceTree = SDKROOT; };
		3AA6446115E5F47D0011C6BE /* Foundation.framework */ = {isa = PBXFileReference; lastKnownFileType = wrapper.framework; name = Foundation.framework; path = System/Library/Frameworks/Foundation.framework; sourceTree = SDKROOT; };
		3AA6446415E5F47D0011C6BE /* FSZoom-Info.plist */ = {isa = PBXFileReference; lastKnownFileType = text.plist.xml; path = "FSZoom-Info.plist"; sourceTree = "<group>"; };
		3AA6446615E5F47D0011C6BE /* en */ = {isa = PBXFileReference; lastKnownFileType = text.plist.strings; name = en; path = en.lproj/InfoPlist.strings; sourceTree = "<group>"; };
		3AA6446815E5F47D0011C6BE /* main.m */ = {isa = PBXFileReference; lastKnownFileType = sourcecode.c.objc; path = main.m; sourceTree = "<group>"; };
		3AA6446A15E5F47D0011C6BE /* FSZoom-Prefix.pch */ = {isa = PBXFileReference; lastKnownFileType = sourcecode.c.h; path = "FSZoom-Prefix.pch"; sourceTree = "<group>"; };
		3AA6446C15E5F47D0011C6BE /* en */ = {isa = PBXFileReference; lastKnownFileType = text.rtf; name = en; path = en.lproj/Credits.rtf; sourceTree = "<group>"; };
		3AA6446E15E5F47D0011C6BE /* AppDelegate.h */ = {isa = PBXFileReference; lastKnownFileType = sourcecode.c.h; path = AppDelegate.h; sourceTree = "<group>"; };
		3AA6446F15E5F47D0011C6BE /* AppDelegate.m */ = {isa = PBXFileReference; lastKnownFileType = sourcecode.c.objc; path = AppDelegate.m; sourceTree = "<group>"; };
		3AA6447215E5F47E0011C6BE /* en */ = {isa = PBXFileReference; lastKnownFileType = file.xib; name = en; path = en.lproj/MainMenu.xib; sourceTree = "<group>"; };
		3AA6447915E5F5D10011C6BE /* Zoomer.h */ = {isa = PBXFileReference; fileEncoding = 4; lastKnownFileType = sourcecode.c.h; path = Zoomer.h; sourceTree = "<group>"; };
		3AA6447A15E5F5D10011C6BE /* Zoomer.m */ = {isa = PBXFileReference; fileEncoding = 4; lastKnownFileType = sourcecode.c.objc; path = Zoomer.m; sourceTree = "<group>"; };
		3AA6447C15E5F75C0011C6BE /* QuartzCore.framework */ = {isa = PBXFileReference; lastKnownFileType = wrapper.framework; name = QuartzCore.framework; path = System/Library/Frameworks/QuartzCore.framework; sourceTree = SDKROOT; };
		3AA6447E15E5F7740011C6BE /* OpenGL.framework */ = {isa = PBXFileReference; lastKnownFileType = wrapper.framework; name = OpenGL.framework; path = System/Library/Frameworks/OpenGL.framework; sourceTree = SDKROOT; };
		3AFDEEE415E60BF200593188 /* Quartz.framework */ = {isa = PBXFileReference; lastKnownFileType = wrapper.framework; name = Quartz.framework; path = System/Library/Frameworks/Quartz.framework; sourceTree = SDKROOT; };
/* End PBXFileReference section */

/* Begin PBXFrameworksBuildPhase section */
		3AA6445515E5F47D0011C6BE /* Frameworks */ = {
			isa = PBXFrameworksBuildPhase;
			buildActionMask = 2147483647;
			files = (
				3AFDEEE515E60BF300593188 /* Quartz.framework in Frameworks */,
				3AA6447F15E5F7740011C6BE /* OpenGL.framework in Frameworks */,
				3AA6447D15E5F75C0011C6BE /* QuartzCore.framework in Frameworks */,
				3AA6445D15E5F47D0011C6BE /* Cocoa.framework in Frameworks */,
			);
			runOnlyForDeploymentPostprocessing = 0;
		};
/* End PBXFrameworksBuildPhase section */

/* Begin PBXGroup section */
		3AA6444D15E5F47D0011C6BE = {
			isa = PBXGroup;
			children = (
				3AFDEEE415E60BF200593188 /* Quartz.framework */,
				3AA6447E15E5F7740011C6BE /* OpenGL.framework */,
				3AA6447C15E5F75C0011C6BE /* QuartzCore.framework */,
				3AA6446215E5F47D0011C6BE /* FSZoom */,
				3AA6445B15E5F47D0011C6BE /* Frameworks */,
				3AA6445915E5F47D0011C6BE /* Products */,
			);
			sourceTree = "<group>";
		};
		3AA6445915E5F47D0011C6BE /* Products */ = {
			isa = PBXGroup;
			children = (
				3AA6445815E5F47D0011C6BE /* FSZoom.app */,
			);
			name = Products;
			sourceTree = "<group>";
		};
		3AA6445B15E5F47D0011C6BE /* Frameworks */ = {
			isa = PBXGroup;
			children = (
				3AA6445C15E5F47D0011C6BE /* Cocoa.framework */,
				3AA6445E15E5F47D0011C6BE /* Other Frameworks */,
			);
			name = Frameworks;
			sourceTree = "<group>";
		};
		3AA6445E15E5F47D0011C6BE /* Other Frameworks */ = {
			isa = PBXGroup;
			children = (
				3AA6445F15E5F47D0011C6BE /* AppKit.framework */,
				3AA6446015E5F47D0011C6BE /* CoreData.framework */,
				3AA6446115E5F47D0011C6BE /* Foundation.framework */,
			);
			name = "Other Frameworks";
			sourceTree = "<group>";
		};
		3AA6446215E5F47D0011C6BE /* FSZoom */ = {
			isa = PBXGroup;
			children = (
				3AA6446E15E5F47D0011C6BE /* AppDelegate.h */,
				3AA6446F15E5F47D0011C6BE /* AppDelegate.m */,
				3AA6447915E5F5D10011C6BE /* Zoomer.h */,
				3AA6447A15E5F5D10011C6BE /* Zoomer.m */,
				3AA6447115E5F47E0011C6BE /* MainMenu.xib */,
				3AA6446315E5F47D0011C6BE /* Supporting Files */,
			);
			path = FSZoom;
			sourceTree = "<group>";
		};
		3AA6446315E5F47D0011C6BE /* Supporting Files */ = {
			isa = PBXGroup;
			children = (
				3AA6446415E5F47D0011C6BE /* FSZoom-Info.plist */,
				3AA6446515E5F47D0011C6BE /* InfoPlist.strings */,
				3AA6446815E5F47D0011C6BE /* main.m */,
				3AA6446A15E5F47D0011C6BE /* FSZoom-Prefix.pch */,
				3AA6446B15E5F47D0011C6BE /* Credits.rtf */,
			);
			name = "Supporting Files";
			sourceTree = "<group>";
		};
/* End PBXGroup section */

/* Begin PBXNativeTarget section */
		3AA6445715E5F47D0011C6BE /* FSZoom */ = {
			isa = PBXNativeTarget;
			buildConfigurationList = 3AA6447615E5F47E0011C6BE /* Build configuration list for PBXNativeTarget "FSZoom" */;
			buildPhases = (
				3AA6445415E5F47D0011C6BE /* Sources */,
				3AA6445515E5F47D0011C6BE /* Frameworks */,
				3AA6445615E5F47D0011C6BE /* Resources */,
			);
			buildRules = (
			);
			dependencies = (
			);
			name = FSZoom;
			productName = FSZoom;
			productReference = 3AA6445815E5F47D0011C6BE /* FSZoom.app */;
			productType = "com.apple.product-type.application";
		};
/* End PBXNativeTarget section */

/* Begin PBXProject section */
		3AA6444F15E5F47D0011C6BE /* Project object */ = {
			isa = PBXProject;
			attributes = {
				LastUpgradeCheck = 0440;
				ORGANIZATIONNAME = "Stephen Sykes";
			};
			buildConfigurationList = 3AA6445215E5F47D0011C6BE /* Build configuration list for PBXProject "FSZoom" */;
			compatibilityVersion = "Xcode 3.2";
			developmentRegion = English;
			hasScannedForEncodings = 0;
			knownRegions = (
				en,
			);
			mainGroup = 3AA6444D15E5F47D0011C6BE;
			productRefGroup = 3AA6445915E5F47D0011C6BE /* Products */;
			projectDirPath = "";
			projectRoot = "";
			targets = (
				3AA6445715E5F47D0011C6BE /* FSZoom */,
			);
		};
/* End PBXProject section */

/* Begin PBXResourcesBuildPhase section */
		3AA6445615E5F47D0011C6BE /* Resources */ = {
			isa = PBXResourcesBuildPhase;
			buildActionMask = 2147483647;
			files = (
				3AA6446715E5F47D0011C6BE /* InfoPlist.strings in Resources */,
				3AA6446D15E5F47D0011C6BE /* Credits.rtf in Resources */,
				3AA6447315E5F47E0011C6BE /* MainMenu.xib in Resources */,
			);
			runOnlyForDeploymentPostprocessing = 0;
		};
/* End PBXResourcesBuildPhase section */

/* Begin PBXSourcesBuildPhase section */
		3AA6445415E5F47D0011C6BE /* Sources */ = {
			isa = PBXSourcesBuildPhase;
			buildActionMask = 2147483647;
			files = (
				3AA6446915E5F47D0011C6BE /* main.m in Sources */,
				3AA6447015E5F47D0011C6BE /* AppDelegate.m in Sources */,
				3AA6447B15E5F5D10011C6BE /* Zoomer.m in Sources */,
			);
			runOnlyForDeploymentPostprocessing = 0;
		};
/* End PBXSourcesBuildPhase section */

/* Begin PBXVariantGroup section */
		3AA6446515E5F47D0011C6BE /* InfoPlist.strings */ = {
			isa = PBXVariantGroup;
			children = (
				3AA6446615E5F47D0011C6BE /* en */,
			);
			name = InfoPlist.strings;
			sourceTree = "<group>";
		};
		3AA6446B15E5F47D0011C6BE /* Credits.rtf */ = {
			isa = PBXVariantGroup;
			children = (
				3AA6446C15E5F47D0011C6BE /* en */,
			);
			name = Credits.rtf;
			sourceTree = "<group>";
		};
		3AA6447115E5F47E0011C6BE /* MainMenu.xib */ = {
			isa = PBXVariantGroup;
			children = (
				3AA6447215E5F47E0011C6BE /* en */,
			);
			name = MainMenu.xib;
			sourceTree = "<group>";
		};
/* End PBXVariantGroup section */

/* Begin XCBuildConfiguration section */
		3AA6447415E5F47E0011C6BE /* Debug */ = {
			isa = XCBuildConfiguration;
			buildSettings = {
				ALWAYS_SEARCH_USER_PATHS = NO;
				ARCHS = "$(ARCHS_STANDARD_64_BIT)";
				CLANG_CXX_LANGUAGE_STANDARD = "gnu++0x";
				CLANG_WARN__DUPLICATE_METHOD_MATCH = YES;
				COPY_PHASE_STRIP = NO;
				GCC_C_LANGUAGE_STANDARD = gnu99;
				GCC_DYNAMIC_NO_PIC = NO;
				GCC_ENABLE_OBJC_EXCEPTIONS = YES;
				GCC_OPTIMIZATION_LEVEL = 0;
				GCC_PREPROCESSOR_DEFINITIONS = (
					"DEBUG=1",
					"$(inherited)",
				);
				GCC_SYMBOLS_PRIVATE_EXTERN = NO;
				GCC_WARN_64_TO_32_BIT_CONVERSION = YES;
				GCC_WARN_ABOUT_RETURN_TYPE = YES;
				GCC_WARN_UNINITIALIZED_AUTOS = YES;
				GCC_WARN_UNUSED_VARIABLE = YES;
				MACOSX_DEPLOYMENT_TARGET = 10.7;
				ONLY_ACTIVE_ARCH = YES;
				SDKROOT = macosx;
			};
			name = Debug;
		};
		3AA6447515E5F47E0011C6BE /* Release */ = {
			isa = XCBuildConfiguration;
			buildSettings = {
				ALWAYS_SEARCH_USER_PATHS = NO;
				ARCHS = "$(ARCHS_STANDARD_64_BIT)";
				CLANG_CXX_LANGUAGE_STANDARD = "gnu++0x";
				CLANG_WARN__DUPLICATE_METHOD_MATCH = YES;
				COPY_PHASE_STRIP = YES;
				DEBUG_INFORMATION_FORMAT = "dwarf-with-dsym";
				GCC_C_LANGUAGE_STANDARD = gnu99;
				GCC_ENABLE_OBJC_EXCEPTIONS = YES;
				GCC_WARN_64_TO_32_BIT_CONVERSION = YES;
				GCC_WARN_ABOUT_RETURN_TYPE = YES;
				GCC_WARN_UNINITIALIZED_AUTOS = YES;
				GCC_WARN_UNUSED_VARIABLE = YES;
				MACOSX_DEPLOYMENT_TARGET = 10.7;
				SDKROOT = macosx;
			};
			name = Release;
		};
		3AA6447715E5F47E0011C6BE /* Debug */ = {
			isa = XCBuildConfiguration;
			buildSettings = {
				COMBINE_HIDPI_IMAGES = YES;
				GCC_PRECOMPILE_PREFIX_HEADER = YES;
				GCC_PREFIX_HEADER = "FSZoom/FSZoom-Prefix.pch";
				INFOPLIST_FILE = "FSZoom/FSZoom-Info.plist";
				PRODUCT_NAME = "$(TARGET_NAME)";
				WRAPPER_EXTENSION = app;
			};
			name = Debug;
		};
		3AA6447815E5F47E0011C6BE /* Release */ = {
			isa = XCBuildConfiguration;
			buildSettings = {
				COMBINE_HIDPI_IMAGES = YES;
				GCC_PRECOMPILE_PREFIX_HEADER = YES;
				GCC_PREFIX_HEADER = "FSZoom/FSZoom-Prefix.pch";
				INFOPLIST_FILE = "FSZoom/FSZoom-Info.plist";
				PRODUCT_NAME = "$(TARGET_NAME)";
				WRAPPER_EXTENSION = app;
			};
			name = Release;
		};
/* End XCBuildConfiguration section */

/* Begin XCConfigurationList section */
		3AA6445215E5F47D0011C6BE /* Build configuration list for PBXProject "FSZoom" */ = {
			isa = XCConfigurationList;
			buildConfigurations = (
				3AA6447415E5F47E0011C6BE /* Debug */,
				3AA6447515E5F47E0011C6BE /* Release */,
			);
			defaultConfigurationIsVisible = 0;
			defaultConfigurationName = Release;
		};
		3AA6447615E5F47E0011C6BE /* Build configuration list for PBXNativeTarget "FSZoom" */ = {
			isa = XCConfigurationList;
			buildConfigurations = (
				3AA6447715E5F47E0011C6BE /* Debug */,
				3AA6447815E5F47E0011C6BE /* Release */,
			);
			defaultConfigurationIsVisible = 0;
			defaultConfigurationName = Release;
		};
/* End XCConfigurationList section */
	};
	rootObject = 3AA6444F15E5F47D0011C6BE /* Project object */;
}
